
Microsoft Visual Studio Solution File, Format Version 12.00
# Visual Studio Version 16
VisualStudioVersion = 16.0.30503.244
MinimumVisualStudioVersion = 10.0.40219.1
Project("{9A19103F-16F7-4668-BE54-9A1E7A4F7556}") = "MvcMovie", "MvcMovie.csproj", "{08B33A86-F4AE-47FA-9415-1C12C2476424}"
EndProject
Project("{FAE04EC0-301F-11D3-BF4B-00C04F79EFBC}") = "UnitTestCore", "..\UnitTestCore\UnitTestCore.csproj", "{DC643FB7-1B78-4A51-84DE-4C2985D157D5}"
EndProject
Global
	GlobalSection(SolutionConfigurationPlatforms) = preSolution
		Debug|Any CPU = Debug|Any CPU
		Release|Any CPU = Release|Any CPU
	EndGlobalSection
	GlobalSection(ProjectConfigurationPlatforms) = postSolution
		{08B33A86-F4AE-47FA-9415-1C12C2476424}.Debug|Any CPU.ActiveCfg = Debug|Any CPU
		{08B33A86-F4AE-47FA-9415-1C12C2476424}.Debug|Any CPU.Build.0 = Debug|Any CPU
		{08B33A86-F4AE-47FA-9415-1C12C2476424}.Release|Any CPU.ActiveCfg = Release|Any CPU
		{08B33A86-F4AE-47FA-9415-1C12C2476424}.Release|Any CPU.Build.0 = Release|Any CPU
		{DC643FB7-1B78-4A51-84DE-4C2985D157D5}.Debug|Any CPU.ActiveCfg = Debug|Any CPU
		{DC643FB7-1B78-4A51-84DE-4C2985D157D5}.Debug|Any CPU.Build.0 = Debug|Any CPU
		{DC643FB7-1B78-4A51-84DE-4C2985D157D5}.Release|Any CPU.ActiveCfg = Release|Any CPU
		{DC643FB7-1B78-4A51-84DE-4C2985D157D5}.Release|Any CPU.Build.0 = Release|Any CPU
	EndGlobalSection
	GlobalSection(SolutionProperties) = preSolution
		HideSolutionNode = FALSE
	EndGlobalSection
	GlobalSection(ExtensibilityGlobals) = postSolution
		SolutionGuid = {214FD5E4-17DE-4C9A-93A9-195A425F89FF}
	EndGlobalSection
EndGlobal
